// !$*UTF8*$!
{
	archiveVersion = 1;
	classes = {
	};
	objectVersion = 46;
	objects = {

/* Begin PBXBuildFile section */
		000AFAA78FC2C157B3B2FA11 /* Pods_ExtensionsTests.framework in Frameworks */ = {isa = PBXBuildFile; fileRef = 6183A09F1B2877C65C4D59F6 /* Pods_ExtensionsTests.framework */; };
		1B5229C31D2E927E0037A37E /* Foundation.framework in Frameworks */ = {isa = PBXBuildFile; fileRef = 1B5229C21D2E927E0037A37E /* Foundation.framework */; };
		1BA85B291D25C4FC008D42CE /* AppDelegate.swift in Sources */ = {isa = PBXBuildFile; fileRef = 1BA85B281D25C4FC008D42CE /* AppDelegate.swift */; };
		1BA85B2B1D25C4FC008D42CE /* ViewController.swift in Sources */ = {isa = PBXBuildFile; fileRef = 1BA85B2A1D25C4FC008D42CE /* ViewController.swift */; };
		1BA85B2E1D25C4FC008D42CE /* Main.storyboard in Resources */ = {isa = PBXBuildFile; fileRef = 1BA85B2C1D25C4FC008D42CE /* Main.storyboard */; };
		1BA85B301D25C4FC008D42CE /* Assets.xcassets in Resources */ = {isa = PBXBuildFile; fileRef = 1BA85B2F1D25C4FC008D42CE /* Assets.xcassets */; };
		1BA85B331D25C4FC008D42CE /* LaunchScreen.storyboard in Resources */ = {isa = PBXBuildFile; fileRef = 1BA85B311D25C4FC008D42CE /* LaunchScreen.storyboard */; };
		1BA85B3E1D25C4FC008D42CE /* ExtensionsTests.swift in Sources */ = {isa = PBXBuildFile; fileRef = 1BA85B3D1D25C4FC008D42CE /* ExtensionsTests.swift */; };
		1BA85B491D25C4FC008D42CE /* ExtensionsUITests.swift in Sources */ = {isa = PBXBuildFile; fileRef = 1BA85B481D25C4FC008D42CE /* ExtensionsUITests.swift */; };
		1BA85BCB1D2E8F58008D42CE /* ExtensionTests.swift in Sources */ = {isa = PBXBuildFile; fileRef = 1BA85BCA1D2E8F58008D42CE /* ExtensionTests.swift */; };
		2B81C81CFC9DA0198C86FDB9 /* Pods_Extensions.framework in Frameworks */ = {isa = PBXBuildFile; fileRef = DD9A36CDB134FD4C83530F9B /* Pods_Extensions.framework */; };
		8F4D85781E439A9900275E2C /* Extensions.swift in Sources */ = {isa = PBXBuildFile; fileRef = 8F4D85771E439A9900275E2C /* Extensions.swift */; };
		C7F667413222925F1AFBFC7B /* Pods_ExtensionsUITests.framework in Frameworks */ = {isa = PBXBuildFile; fileRef = 4F5B514775C0A208B2DB7280 /* Pods_ExtensionsUITests.framework */; };
/* End PBXBuildFile section */

/* Begin PBXContainerItemProxy section */
		1BA85B3A1D25C4FC008D42CE /* PBXContainerItemProxy */ = {
			isa = PBXContainerItemProxy;
			containerPortal = 1BA85B1D1D25C4FC008D42CE /* Project object */;
			proxyType = 1;
			remoteGlobalIDString = 1BA85B241D25C4FC008D42CE;
			remoteInfo = Extensions;
		};
		1BA85B451D25C4FC008D42CE /* PBXContainerItemProxy */ = {
			isa = PBXContainerItemProxy;
			containerPortal = 1BA85B1D1D25C4FC008D42CE /* Project object */;
			proxyType = 1;
			remoteGlobalIDString = 1BA85B241D25C4FC008D42CE;
			remoteInfo = Extensions;
		};
/* End PBXContainerItemProxy section */

/* Begin PBXFileReference section */
		0F5C7B63BB417CBE6BFA805C /* Pods-ExtensionsTests.release.xcconfig */ = {isa = PBXFileReference; includeInIndex = 1; lastKnownFileType = text.xcconfig; name = "Pods-ExtensionsTests.release.xcconfig"; path = "Pods/Target Support Files/Pods-ExtensionsTests/Pods-ExtensionsTests.release.xcconfig"; sourceTree = "<group>"; };
		1B5229C21D2E927E0037A37E /* Foundation.framework */ = {isa = PBXFileReference; lastKnownFileType = wrapper.framework; name = Foundation.framework; path = System/Library/Frameworks/Foundation.framework; sourceTree = SDKROOT; };
		1BA85B251D25C4FC008D42CE /* Extensions.app */ = {isa = PBXFileReference; explicitFileType = wrapper.application; includeInIndex = 0; path = Extensions.app; sourceTree = BUILT_PRODUCTS_DIR; };
		1BA85B281D25C4FC008D42CE /* AppDelegate.swift */ = {isa = PBXFileReference; lastKnownFileType = sourcecode.swift; path = AppDelegate.swift; sourceTree = "<group>"; };
		1BA85B2A1D25C4FC008D42CE /* ViewController.swift */ = {isa = PBXFileReference; lastKnownFileType = sourcecode.swift; path = ViewController.swift; sourceTree = "<group>"; };
		1BA85B2D1D25C4FC008D42CE /* Base */ = {isa = PBXFileReference; lastKnownFileType = file.storyboard; name = Base; path = Base.lproj/Main.storyboard; sourceTree = "<group>"; };
		1BA85B2F1D25C4FC008D42CE /* Assets.xcassets */ = {isa = PBXFileReference; lastKnownFileType = folder.assetcatalog; path = Assets.xcassets; sourceTree = "<group>"; };
		1BA85B321D25C4FC008D42CE /* Base */ = {isa = PBXFileReference; lastKnownFileType = file.storyboard; name = Base; path = Base.lproj/LaunchScreen.storyboard; sourceTree = "<group>"; };
		1BA85B341D25C4FC008D42CE /* Info.plist */ = {isa = PBXFileReference; lastKnownFileType = text.plist.xml; path = Info.plist; sourceTree = "<group>"; };
		1BA85B391D25C4FC008D42CE /* ExtensionsTests.xctest */ = {isa = PBXFileReference; explicitFileType = wrapper.cfbundle; includeInIndex = 0; path = ExtensionsTests.xctest; sourceTree = BUILT_PRODUCTS_DIR; };
		1BA85B3D1D25C4FC008D42CE /* ExtensionsTests.swift */ = {isa = PBXFileReference; lastKnownFileType = sourcecode.swift; path = ExtensionsTests.swift; sourceTree = "<group>"; };
		1BA85B3F1D25C4FC008D42CE /* Info.plist */ = {isa = PBXFileReference; lastKnownFileType = text.plist.xml; path = Info.plist; sourceTree = "<group>"; };
		1BA85B441D25C4FC008D42CE /* ExtensionsUITests.xctest */ = {isa = PBXFileReference; explicitFileType = wrapper.cfbundle; includeInIndex = 0; path = ExtensionsUITests.xctest; sourceTree = BUILT_PRODUCTS_DIR; };
		1BA85B481D25C4FC008D42CE /* ExtensionsUITests.swift */ = {isa = PBXFileReference; lastKnownFileType = sourcecode.swift; path = ExtensionsUITests.swift; sourceTree = "<group>"; };
		1BA85B4A1D25C4FC008D42CE /* Info.plist */ = {isa = PBXFileReference; lastKnownFileType = text.plist.xml; path = Info.plist; sourceTree = "<group>"; };
		1BA85BCA1D2E8F58008D42CE /* ExtensionTests.swift */ = {isa = PBXFileReference; fileEncoding = 4; lastKnownFileType = sourcecode.swift; name = ExtensionTests.swift; path = ../Extensions/ExtensionTests.swift; sourceTree = "<group>"; };
		4F5B514775C0A208B2DB7280 /* Pods_ExtensionsUITests.framework */ = {isa = PBXFileReference; explicitFileType = wrapper.framework; includeInIndex = 0; path = Pods_ExtensionsUITests.framework; sourceTree = BUILT_PRODUCTS_DIR; };
		6183A09F1B2877C65C4D59F6 /* Pods_ExtensionsTests.framework */ = {isa = PBXFileReference; explicitFileType = wrapper.framework; includeInIndex = 0; path = Pods_ExtensionsTests.framework; sourceTree = BUILT_PRODUCTS_DIR; };
		7A858B5C1743EC1799E39869 /* Pods-ExtensionsUITests.release.xcconfig */ = {isa = PBXFileReference; includeInIndex = 1; lastKnownFileType = text.xcconfig; name = "Pods-ExtensionsUITests.release.xcconfig"; path = "Pods/Target Support Files/Pods-ExtensionsUITests/Pods-ExtensionsUITests.release.xcconfig"; sourceTree = "<group>"; };
		851086FDAB7F0013EA3E5F7C /* Pods-ExtensionsTests.debug.xcconfig */ = {isa = PBXFileReference; includeInIndex = 1; lastKnownFileType = text.xcconfig; name = "Pods-ExtensionsTests.debug.xcconfig"; path = "Pods/Target Support Files/Pods-ExtensionsTests/Pods-ExtensionsTests.debug.xcconfig"; sourceTree = "<group>"; };
		8F4D85771E439A9900275E2C /* Extensions.swift */ = {isa = PBXFileReference; fileEncoding = 4; lastKnownFileType = sourcecode.swift; path = Extensions.swift; sourceTree = "<group>"; };
		B67EC0B9E85177B62984CFFE /* Pods-Extensions.debug.xcconfig */ = {isa = PBXFileReference; includeInIndex = 1; lastKnownFileType = text.xcconfig; name = "Pods-Extensions.debug.xcconfig"; path = "Pods/Target Support Files/Pods-Extensions/Pods-Extensions.debug.xcconfig"; sourceTree = "<group>"; };
		DD9A36CDB134FD4C83530F9B /* Pods_Extensions.framework */ = {isa = PBXFileReference; explicitFileType = wrapper.framework; includeInIndex = 0; path = Pods_Extensions.framework; sourceTree = BUILT_PRODUCTS_DIR; };
		E5DD57B338C497566D3ACCF6 /* Pods-Extensions.release.xcconfig */ = {isa = PBXFileReference; includeInIndex = 1; lastKnownFileType = text.xcconfig; name = "Pods-Extensions.release.xcconfig"; path = "Pods/Target Support Files/Pods-Extensions/Pods-Extensions.release.xcconfig"; sourceTree = "<group>"; };
		FB33461407A1BD336306E0D9 /* Pods-ExtensionsUITests.debug.xcconfig */ = {isa = PBXFileReference; includeInIndex = 1; lastKnownFileType = text.xcconfig; name = "Pods-ExtensionsUITests.debug.xcconfig"; path = "Pods/Target Support Files/Pods-ExtensionsUITests/Pods-ExtensionsUITests.debug.xcconfig"; sourceTree = "<group>"; };
/* End PBXFileReference section */

/* Begin PBXFrameworksBuildPhase section */
		1BA85B221D25C4FC008D42CE /* Frameworks */ = {
			isa = PBXFrameworksBuildPhase;
			buildActionMask = 2147483647;
			files = (
				1B5229C31D2E927E0037A37E /* Foundation.framework in Frameworks */,
				2B81C81CFC9DA0198C86FDB9 /* Pods_Extensions.framework in Frameworks */,
			);
			runOnlyForDeploymentPostprocessing = 0;
		};
		1BA85B361D25C4FC008D42CE /* Frameworks */ = {
			isa = PBXFrameworksBuildPhase;
			buildActionMask = 2147483647;
			files = (
				000AFAA78FC2C157B3B2FA11 /* Pods_ExtensionsTests.framework in Frameworks */,
			);
			runOnlyForDeploymentPostprocessing = 0;
		};
		1BA85B411D25C4FC008D42CE /* Frameworks */ = {
			isa = PBXFrameworksBuildPhase;
			buildActionMask = 2147483647;
			files = (
				C7F667413222925F1AFBFC7B /* Pods_ExtensionsUITests.framework in Frameworks */,
			);
			runOnlyForDeploymentPostprocessing = 0;
		};
/* End PBXFrameworksBuildPhase section */

/* Begin PBXGroup section */
		04060B84812ABFA7AFE253D8 /* Pods */ = {
			isa = PBXGroup;
			children = (
				B67EC0B9E85177B62984CFFE /* Pods-Extensions.debug.xcconfig */,
				E5DD57B338C497566D3ACCF6 /* Pods-Extensions.release.xcconfig */,
				851086FDAB7F0013EA3E5F7C /* Pods-ExtensionsTests.debug.xcconfig */,
				0F5C7B63BB417CBE6BFA805C /* Pods-ExtensionsTests.release.xcconfig */,
				FB33461407A1BD336306E0D9 /* Pods-ExtensionsUITests.debug.xcconfig */,
				7A858B5C1743EC1799E39869 /* Pods-ExtensionsUITests.release.xcconfig */,
			);
			name = Pods;
			sourceTree = "<group>";
		};
		1BA85B1C1D25C4FC008D42CE = {
			isa = PBXGroup;
			children = (
				1BA85B271D25C4FC008D42CE /* Extensions */,
				1BA85B261D25C4FC008D42CE /* Products */,
				48FB134257A5031188C39D97 /* Frameworks */,
				04060B84812ABFA7AFE253D8 /* Pods */,
			);
			sourceTree = "<group>";
		};
		1BA85B261D25C4FC008D42CE /* Products */ = {
			isa = PBXGroup;
			children = (
				1BA85B251D25C4FC008D42CE /* Extensions.app */,
				1BA85B391D25C4FC008D42CE /* ExtensionsTests.xctest */,
				1BA85B441D25C4FC008D42CE /* ExtensionsUITests.xctest */,
			);
			name = Products;
			sourceTree = "<group>";
		};
		1BA85B271D25C4FC008D42CE /* Extensions */ = {
			isa = PBXGroup;
			children = (
				1BA85B281D25C4FC008D42CE /* AppDelegate.swift */,
				1BA85B2A1D25C4FC008D42CE /* ViewController.swift */,
				8F4D85771E439A9900275E2C /* Extensions.swift */,
				1BA85B2C1D25C4FC008D42CE /* Main.storyboard */,
				1BA85B2F1D25C4FC008D42CE /* Assets.xcassets */,
				1BA85B311D25C4FC008D42CE /* LaunchScreen.storyboard */,
				1BA85B341D25C4FC008D42CE /* Info.plist */,
				1BA85B3C1D25C4FC008D42CE /* ExtensionsTests */,
				1BA85B471D25C4FC008D42CE /* ExtensionsUITests */,
			);
			path = Extensions;
			sourceTree = "<group>";
		};
		1BA85B3C1D25C4FC008D42CE /* ExtensionsTests */ = {
			isa = PBXGroup;
			children = (
				1BA85BCA1D2E8F58008D42CE /* ExtensionTests.swift */,
				1BA85B3D1D25C4FC008D42CE /* ExtensionsTests.swift */,
				1BA85B3F1D25C4FC008D42CE /* Info.plist */,
			);
			path = ExtensionsTests;
			sourceTree = SOURCE_ROOT;
		};
		1BA85B471D25C4FC008D42CE /* ExtensionsUITests */ = {
			isa = PBXGroup;
			children = (
				1BA85B481D25C4FC008D42CE /* ExtensionsUITests.swift */,
				1BA85B4A1D25C4FC008D42CE /* Info.plist */,
			);
			path = ExtensionsUITests;
			sourceTree = SOURCE_ROOT;
		};
		48FB134257A5031188C39D97 /* Frameworks */ = {
			isa = PBXGroup;
			children = (
				1B5229C21D2E927E0037A37E /* Foundation.framework */,
				DD9A36CDB134FD4C83530F9B /* Pods_Extensions.framework */,
				6183A09F1B2877C65C4D59F6 /* Pods_ExtensionsTests.framework */,
				4F5B514775C0A208B2DB7280 /* Pods_ExtensionsUITests.framework */,
			);
			name = Frameworks;
			sourceTree = "<group>";
		};
/* End PBXGroup section */

/* Begin PBXNativeTarget section */
		1BA85B241D25C4FC008D42CE /* Extensions */ = {
			isa = PBXNativeTarget;
			buildConfigurationList = 1BA85B4D1D25C4FC008D42CE /* Build configuration list for PBXNativeTarget "Extensions" */;
			buildPhases = (
				CBF8EF03A0CB569D8917B8C0 /* [CP] Check Pods Manifest.lock */,
				1BA85B211D25C4FC008D42CE /* Sources */,
				1BA85B221D25C4FC008D42CE /* Frameworks */,
				1BA85B231D25C4FC008D42CE /* Resources */,
				5FCF71FC4B899625DD8C8287 /* [CP] Embed Pods Frameworks */,
				183FAF67DB58B9A305267F3F /* [CP] Copy Pods Resources */,
			);
			buildRules = (
			);
			dependencies = (
			);
			name = Extensions;
			productName = Extensions;
			productReference = 1BA85B251D25C4FC008D42CE /* Extensions.app */;
			productType = "com.apple.product-type.application";
		};
		1BA85B381D25C4FC008D42CE /* ExtensionsTests */ = {
			isa = PBXNativeTarget;
			buildConfigurationList = 1BA85B501D25C4FC008D42CE /* Build configuration list for PBXNativeTarget "ExtensionsTests" */;
			buildPhases = (
				A0165036A9378E36835BCEB8 /* [CP] Check Pods Manifest.lock */,
				1BA85B351D25C4FC008D42CE /* Sources */,
				1BA85B361D25C4FC008D42CE /* Frameworks */,
				1BA85B371D25C4FC008D42CE /* Resources */,
				E3046BDEE0A97288CB8D9F43 /* [CP] Embed Pods Frameworks */,
				281EB8C8B5120BD79D191C16 /* [CP] Copy Pods Resources */,
			);
			buildRules = (
			);
			dependencies = (
				1BA85B3B1D25C4FC008D42CE /* PBXTargetDependency */,
			);
			name = ExtensionsTests;
			productName = ExtensionsTests;
			productReference = 1BA85B391D25C4FC008D42CE /* ExtensionsTests.xctest */;
			productType = "com.apple.product-type.bundle.unit-test";
		};
		1BA85B431D25C4FC008D42CE /* ExtensionsUITests */ = {
			isa = PBXNativeTarget;
			buildConfigurationList = 1BA85B531D25C4FC008D42CE /* Build configuration list for PBXNativeTarget "ExtensionsUITests" */;
			buildPhases = (
				2F1AF43DFA126F636F9E0297 /* [CP] Check Pods Manifest.lock */,
				1BA85B401D25C4FC008D42CE /* Sources */,
				1BA85B411D25C4FC008D42CE /* Frameworks */,
				1BA85B421D25C4FC008D42CE /* Resources */,
				D4E1F7F29B6AC95DAC77DB97 /* [CP] Copy Pods Resources */,
				BADD1D253E1E039CD3A8115F /* [CP] Embed Pods Frameworks */,
			);
			buildRules = (
			);
			dependencies = (
				1BA85B461D25C4FC008D42CE /* PBXTargetDependency */,
			);
			name = ExtensionsUITests;
			productName = ExtensionsUITests;
			productReference = 1BA85B441D25C4FC008D42CE /* ExtensionsUITests.xctest */;
			productType = "com.apple.product-type.bundle.ui-testing";
		};
/* End PBXNativeTarget section */

/* Begin PBXProject section */
		1BA85B1D1D25C4FC008D42CE /* Project object */ = {
			isa = PBXProject;
			attributes = {
				LastSwiftUpdateCheck = 0730;
				LastUpgradeCheck = 0730;
				ORGANIZATIONNAME = "Flatiron School";
				TargetAttributes = {
					1BA85B241D25C4FC008D42CE = {
						CreatedOnToolsVersion = 7.3.1;
						LastSwiftMigration = 0800;
					};
					1BA85B381D25C4FC008D42CE = {
						CreatedOnToolsVersion = 7.3.1;
						LastSwiftMigration = 0800;
						TestTargetID = 1BA85B241D25C4FC008D42CE;
					};
					1BA85B431D25C4FC008D42CE = {
						CreatedOnToolsVersion = 7.3.1;
						LastSwiftMigration = 0800;
						TestTargetID = 1BA85B241D25C4FC008D42CE;
					};
				};
			};
			buildConfigurationList = 1BA85B201D25C4FC008D42CE /* Build configuration list for PBXProject "Extensions" */;
			compatibilityVersion = "Xcode 3.2";
			developmentRegion = English;
			hasScannedForEncodings = 0;
			knownRegions = (
				en,
				Base,
			);
			mainGroup = 1BA85B1C1D25C4FC008D42CE;
			productRefGroup = 1BA85B261D25C4FC008D42CE /* Products */;
			projectDirPath = "";
			projectRoot = "";
			targets = (
				1BA85B241D25C4FC008D42CE /* Extensions */,
				1BA85B381D25C4FC008D42CE /* ExtensionsTests */,
				1BA85B431D25C4FC008D42CE /* ExtensionsUITests */,
			);
		};
/* End PBXProject section */

/* Begin PBXResourcesBuildPhase section */
		1BA85B231D25C4FC008D42CE /* Resources */ = {
			isa = PBXResourcesBuildPhase;
			buildActionMask = 2147483647;
			files = (
				1BA85B331D25C4FC008D42CE /* LaunchScreen.storyboard in Resources */,
				1BA85B301D25C4FC008D42CE /* Assets.xcassets in Resources */,
				1BA85B2E1D25C4FC008D42CE /* Main.storyboard in Resources */,
			);
			runOnlyForDeploymentPostprocessing = 0;
		};
		1BA85B371D25C4FC008D42CE /* Resources */ = {
			isa = PBXResourcesBuildPhase;
			buildActionMask = 2147483647;
			files = (
			);
			runOnlyForDeploymentPostprocessing = 0;
		};
		1BA85B421D25C4FC008D42CE /* Resources */ = {
			isa = PBXResourcesBuildPhase;
			buildActionMask = 2147483647;
			files = (
			);
			runOnlyForDeploymentPostprocessing = 0;
		};
/* End PBXResourcesBuildPhase section */

/* Begin PBXShellScriptBuildPhase section */
		183FAF67DB58B9A305267F3F /* [CP] Copy Pods Resources */ = {
			isa = PBXShellScriptBuildPhase;
			buildActionMask = 2147483647;
			files = (
			);
			inputPaths = (
			);
			name = "[CP] Copy Pods Resources";
			outputPaths = (
			);
			runOnlyForDeploymentPostprocessing = 0;
			shellPath = /bin/sh;
			shellScript = "\"${SRCROOT}/Pods/Target Support Files/Pods-Extensions/Pods-Extensions-resources.sh\"\n";
			showEnvVarsInLog = 0;
		};
		281EB8C8B5120BD79D191C16 /* [CP] Copy Pods Resources */ = {
			isa = PBXShellScriptBuildPhase;
			buildActionMask = 2147483647;
			files = (
			);
			inputPaths = (
			);
			name = "[CP] Copy Pods Resources";
			outputPaths = (
			);
			runOnlyForDeploymentPostprocessing = 0;
			shellPath = /bin/sh;
			shellScript = "\"${SRCROOT}/Pods/Target Support Files/Pods-ExtensionsTests/Pods-ExtensionsTests-resources.sh\"\n";
			showEnvVarsInLog = 0;
		};
		2F1AF43DFA126F636F9E0297 /* [CP] Check Pods Manifest.lock */ = {
			isa = PBXShellScriptBuildPhase;
			buildActionMask = 2147483647;
			files = (
			);
			inputPaths = (
			);
			name = "[CP] Check Pods Manifest.lock";
			outputPaths = (
			);
			runOnlyForDeploymentPostprocessing = 0;
			shellPath = /bin/sh;
			shellScript = "diff \"${PODS_ROOT}/../Podfile.lock\" \"${PODS_ROOT}/Manifest.lock\" > /dev/null\nif [ $? != 0 ] ; then\n    # print error to STDERR\n    echo \"error: The sandbox is not in sync with the Podfile.lock. Run 'pod install' or update your CocoaPods installation.\" >&2\n    exit 1\nfi\n";
			showEnvVarsInLog = 0;
		};
		5FCF71FC4B899625DD8C8287 /* [CP] Embed Pods Frameworks */ = {
			isa = PBXShellScriptBuildPhase;
			buildActionMask = 2147483647;
			files = (
			);
			inputPaths = (
			);
			name = "[CP] Embed Pods Frameworks";
			outputPaths = (
			);
			runOnlyForDeploymentPostprocessing = 0;
			shellPath = /bin/sh;
			shellScript = "\"${SRCROOT}/Pods/Target Support Files/Pods-Extensions/Pods-Extensions-frameworks.sh\"\n";
			showEnvVarsInLog = 0;
		};
		A0165036A9378E36835BCEB8 /* [CP] Check Pods Manifest.lock */ = {
			isa = PBXShellScriptBuildPhase;
			buildActionMask = 2147483647;
			files = (
			);
			inputPaths = (
			);
			name = "[CP] Check Pods Manifest.lock";
			outputPaths = (
			);
			runOnlyForDeploymentPostprocessing = 0;
			shellPath = /bin/sh;
			shellScript = "diff \"${PODS_ROOT}/../Podfile.lock\" \"${PODS_ROOT}/Manifest.lock\" > /dev/null\nif [ $? != 0 ] ; then\n    # print error to STDERR\n    echo \"error: The sandbox is not in sync with the Podfile.lock. Run 'pod install' or update your CocoaPods installation.\" >&2\n    exit 1\nfi\n";
			showEnvVarsInLog = 0;
		};
		BADD1D253E1E039CD3A8115F /* [CP] Embed Pods Frameworks */ = {
			isa = PBXShellScriptBuildPhase;
			buildActionMask = 2147483647;
			files = (
			);
			inputPaths = (
			);
			name = "[CP] Embed Pods Frameworks";
			outputPaths = (
			);
			runOnlyForDeploymentPostprocessing = 0;
			shellPath = /bin/sh;
			shellScript = "\"${SRCROOT}/Pods/Target Support Files/Pods-ExtensionsUITests/Pods-ExtensionsUITests-frameworks.sh\"\n";
			showEnvVarsInLog = 0;
		};
		CBF8EF03A0CB569D8917B8C0 /* [CP] Check Pods Manifest.lock */ = {
			isa = PBXShellScriptBuildPhase;
			buildActionMask = 2147483647;
			files = (
			);
			inputPaths = (
			);
			name = "[CP] Check Pods Manifest.lock";
			outputPaths = (
			);
			runOnlyForDeploymentPostprocessing = 0;
			shellPath = /bin/sh;
			shellScript = "diff \"${PODS_ROOT}/../Podfile.lock\" \"${PODS_ROOT}/Manifest.lock\" > /dev/null\nif [ $? != 0 ] ; then\n    # print error to STDERR\n    echo \"error: The sandbox is not in sync with the Podfile.lock. Run 'pod install' or update your CocoaPods installation.\" >&2\n    exit 1\nfi\n";
			showEnvVarsInLog = 0;
		};
		D4E1F7F29B6AC95DAC77DB97 /* [CP] Copy Pods Resources */ = {
			isa = PBXShellScriptBuildPhase;
			buildActionMask = 2147483647;
			files = (
			);
			inputPaths = (
			);
			name = "[CP] Copy Pods Resources";
			outputPaths = (
			);
			runOnlyForDeploymentPostprocessing = 0;
			shellPath = /bin/sh;
			shellScript = "\"${SRCROOT}/Pods/Target Support Files/Pods-ExtensionsUITests/Pods-ExtensionsUITests-resources.sh\"\n";
			showEnvVarsInLog = 0;
		};
		E3046BDEE0A97288CB8D9F43 /* [CP] Embed Pods Frameworks */ = {
			isa = PBXShellScriptBuildPhase;
			buildActionMask = 2147483647;
			files = (
			);
			inputPaths = (
			);
			name = "[CP] Embed Pods Frameworks";
			outputPaths = (
			);
			runOnlyForDeploymentPostprocessing = 0;
			shellPath = /bin/sh;
			shellScript = "\"${SRCROOT}/Pods/Target Support Files/Pods-ExtensionsTests/Pods-ExtensionsTests-frameworks.sh\"\n";
			showEnvVarsInLog = 0;
		};
/* End PBXShellScriptBuildPhase section */

/* Begin PBXSourcesBuildPhase section */
		1BA85B211D25C4FC008D42CE /* Sources */ = {
			isa = PBXSourcesBuildPhase;
			buildActionMask = 2147483647;
			files = (
				1BA85B2B1D25C4FC008D42CE /* ViewController.swift in Sources */,
				8F4D85781E439A9900275E2C /* Extensions.swift in Sources */,
				1BA85B291D25C4FC008D42CE /* AppDelegate.swift in Sources */,
			);
			runOnlyForDeploymentPostprocessing = 0;
		};
		1BA85B351D25C4FC008D42CE /* Sources */ = {
			isa = PBXSourcesBuildPhase;
			buildActionMask = 2147483647;
			files = (
				1BA85B3E1D25C4FC008D42CE /* ExtensionsTests.swift in Sources */,
				1BA85BCB1D2E8F58008D42CE /* ExtensionTests.swift in Sources */,
			);
			runOnlyForDeploymentPostprocessing = 0;
		};
		1BA85B401D25C4FC008D42CE /* Sources */ = {
			isa = PBXSourcesBuildPhase;
			buildActionMask = 2147483647;
			files = (
				1BA85B491D25C4FC008D42CE /* ExtensionsUITests.swift in Sources */,
			);
			runOnlyForDeploymentPostprocessing = 0;
		};
/* End PBXSourcesBuildPhase section */

/* Begin PBXTargetDependency section */
		1BA85B3B1D25C4FC008D42CE /* PBXTargetDependency */ = {
			isa = PBXTargetDependency;
			target = 1BA85B241D25C4FC008D42CE /* Extensions */;
			targetProxy = 1BA85B3A1D25C4FC008D42CE /* PBXContainerItemProxy */;
		};
		1BA85B461D25C4FC008D42CE /* PBXTargetDependency */ = {
			isa = PBXTargetDependency;
			target = 1BA85B241D25C4FC008D42CE /* Extensions */;
			targetProxy = 1BA85B451D25C4FC008D42CE /* PBXContainerItemProxy */;
		};
/* End PBXTargetDependency section */

/* Begin PBXVariantGroup section */
		1BA85B2C1D25C4FC008D42CE /* Main.storyboard */ = {
			isa = PBXVariantGroup;
			children = (
				1BA85B2D1D25C4FC008D42CE /* Base */,
			);
			name = Main.storyboard;
			sourceTree = "<group>";
		};
		1BA85B311D25C4FC008D42CE /* LaunchScreen.storyboard */ = {
			isa = PBXVariantGroup;
			children = (
				1BA85B321D25C4FC008D42CE /* Base */,
			);
			name = LaunchScreen.storyboard;
			sourceTree = "<group>";
		};
/* End PBXVariantGroup section */

/* Begin XCBuildConfiguration section */
		1BA85B4B1D25C4FC008D42CE /* Debug */ = {
			isa = XCBuildConfiguration;
			buildSettings = {
				ALWAYS_SEARCH_USER_PATHS = NO;
				CLANG_ANALYZER_NONNULL = YES;
				CLANG_CXX_LANGUAGE_STANDARD = "gnu++0x";
				CLANG_CXX_LIBRARY = "libc++";
				CLANG_ENABLE_MODULES = YES;
				CLANG_ENABLE_OBJC_ARC = YES;
				CLANG_WARN_BOOL_CONVERSION = YES;
				CLANG_WARN_CONSTANT_CONVERSION = YES;
				CLANG_WARN_DIRECT_OBJC_ISA_USAGE = YES_ERROR;
				CLANG_WARN_EMPTY_BODY = YES;
				CLANG_WARN_ENUM_CONVERSION = YES;
				CLANG_WARN_INT_CONVERSION = YES;
				CLANG_WARN_OBJC_ROOT_CLASS = YES_ERROR;
				CLANG_WARN_UNREACHABLE_CODE = YES;
				CLANG_WARN__DUPLICATE_METHOD_MATCH = YES;
				"CODE_SIGN_IDENTITY[sdk=iphoneos*]" = "iPhone Developer";
				COPY_PHASE_STRIP = NO;
				DEBUG_INFORMATION_FORMAT = dwarf;
				ENABLE_STRICT_OBJC_MSGSEND = YES;
				ENABLE_TESTABILITY = YES;
				GCC_C_LANGUAGE_STANDARD = gnu99;
				GCC_DYNAMIC_NO_PIC = NO;
				GCC_NO_COMMON_BLOCKS = YES;
				GCC_OPTIMIZATION_LEVEL = 0;
				GCC_PREPROCESSOR_DEFINITIONS = (
					"DEBUG=1",
					"$(inherited)",
				);
				GCC_WARN_64_TO_32_BIT_CONVERSION = YES;
				GCC_WARN_ABOUT_RETURN_TYPE = YES_ERROR;
				GCC_WARN_UNDECLARED_SELECTOR = YES;
				GCC_WARN_UNINITIALIZED_AUTOS = YES_AGGRESSIVE;
				GCC_WARN_UNUSED_FUNCTION = YES;
				GCC_WARN_UNUSED_VARIABLE = YES;
				IPHONEOS_DEPLOYMENT_TARGET = 9.3;
				MTL_ENABLE_DEBUG_INFO = YES;
				ONLY_ACTIVE_ARCH = YES;
				SDKROOT = iphoneos;
				SWIFT_OPTIMIZATION_LEVEL = "-Onone";
			};
			name = Debug;
		};
		1BA85B4C1D25C4FC008D42CE /* Release */ = {
			isa = XCBuildConfiguration;
			buildSettings = {
				ALWAYS_SEARCH_USER_PATHS = NO;
				CLANG_ANALYZER_NONNULL = YES;
				CLANG_CXX_LANGUAGE_STANDARD = "gnu++0x";
				CLANG_CXX_LIBRARY = "libc++";
				CLANG_ENABLE_MODULES = YES;
				CLANG_ENABLE_OBJC_ARC = YES;
				CLANG_WARN_BOOL_CONVERSION = YES;
				CLANG_WARN_CONSTANT_CONVERSION = YES;
				CLANG_WARN_DIRECT_OBJC_ISA_USAGE = YES_ERROR;
				CLANG_WARN_EMPTY_BODY = YES;
				CLANG_WARN_ENUM_CONVERSION = YES;
				CLANG_WARN_INT_CONVERSION = YES;
				CLANG_WARN_OBJC_ROOT_CLASS = YES_ERROR;
				CLANG_WARN_UNREACHABLE_CODE = YES;
				CLANG_WARN__DUPLICATE_METHOD_MATCH = YES;
				"CODE_SIGN_IDENTITY[sdk=iphoneos*]" = "iPhone Developer";
				COPY_PHASE_STRIP = NO;
				DEBUG_INFORMATION_FORMAT = "dwarf-with-dsym";
				ENABLE_NS_ASSERTIONS = NO;
				ENABLE_STRICT_OBJC_MSGSEND = YES;
				GCC_C_LANGUAGE_STANDARD = gnu99;
				GCC_NO_COMMON_BLOCKS = YES;
				GCC_WARN_64_TO_32_BIT_CONVERSION = YES;
				GCC_WARN_ABOUT_RETURN_TYPE = YES_ERROR;
				GCC_WARN_UNDECLARED_SELECTOR = YES;
				GCC_WARN_UNINITIALIZED_AUTOS = YES_AGGRESSIVE;
				GCC_WARN_UNUSED_FUNCTION = YES;
				GCC_WARN_UNUSED_VARIABLE = YES;
				IPHONEOS_DEPLOYMENT_TARGET = 9.3;
				MTL_ENABLE_DEBUG_INFO = NO;
				SDKROOT = iphoneos;
				VALIDATE_PRODUCT = YES;
			};
			name = Release;
		};
		1BA85B4E1D25C4FC008D42CE /* Debug */ = {
			isa = XCBuildConfiguration;
			baseConfigurationReference = B67EC0B9E85177B62984CFFE /* Pods-Extensions.debug.xcconfig */;
			buildSettings = {
				ASSETCATALOG_COMPILER_APPICON_NAME = AppIcon;
				FRAMEWORK_SEARCH_PATHS = (
					"$(inherited)",
					"$(PROJECT_DIR)/build/Debug-iphoneos/KIF",
					"$(PROJECT_DIR)/build/Debug-iphoneos/Nimble",
					"$(PROJECT_DIR)/build/Debug-iphoneos",
					"$(PROJECT_DIR)/build/Debug-iphoneos/Quick",
				);
				INFOPLIST_FILE = Extensions/Info.plist;
				LD_RUNPATH_SEARCH_PATHS = "$(inherited) @executable_path/Frameworks";
				PRODUCT_BUNDLE_IDENTIFIER = FlatironSchool.com.Extensions;
				PRODUCT_NAME = "$(TARGET_NAME)";
				SWIFT_VERSION = 3.0;
			};
			name = Debug;
		};
		1BA85B4F1D25C4FC008D42CE /* Release */ = {
			isa = XCBuildConfiguration;
			baseConfigurationReference = E5DD57B338C497566D3ACCF6 /* Pods-Extensions.release.xcconfig */;
			buildSettings = {
				ASSETCATALOG_COMPILER_APPICON_NAME = AppIcon;
				FRAMEWORK_SEARCH_PATHS = (
					"$(inherited)",
					"$(PROJECT_DIR)/build/Debug-iphoneos/KIF",
					"$(PROJECT_DIR)/build/Debug-iphoneos/Nimble",
					"$(PROJECT_DIR)/build/Debug-iphoneos",
					"$(PROJECT_DIR)/build/Debug-iphoneos/Quick",
				);
				INFOPLIST_FILE = Extensions/Info.plist;
				LD_RUNPATH_SEARCH_PATHS = "$(inherited) @executable_path/Frameworks";
				PRODUCT_BUNDLE_IDENTIFIER = FlatironSchool.com.Extensions;
				PRODUCT_NAME = "$(TARGET_NAME)";
				SWIFT_VERSION = 3.0;
			};
			name = Release;
		};
		1BA85B511D25C4FC008D42CE /* Debug */ = {
			isa = XCBuildConfiguration;
			baseConfigurationReference = 851086FDAB7F0013EA3E5F7C /* Pods-ExtensionsTests.debug.xcconfig */;
			buildSettings = {
				BUNDLE_LOADER = "$(TEST_HOST)";
				INFOPLIST_FILE = ExtensionsTests/Info.plist;
				LD_RUNPATH_SEARCH_PATHS = "$(inherited) @executable_path/Frameworks @loader_path/Frameworks";
				PRODUCT_BUNDLE_IDENTIFIER = FlatironSchool.com.ExtensionsTests;
				PRODUCT_NAME = "$(TARGET_NAME)";
				SWIFT_VERSION = 3.0;
				TARGETED_DEVICE_FAMILY = "1,2";
				TEST_HOST = "$(BUILT_PRODUCTS_DIR)/Extensions.app/Extensions";
			};
			name = Debug;
		};
		1BA85B521D25C4FC008D42CE /* Release */ = {
			isa = XCBuildConfiguration;
			baseConfigurationReference = 0F5C7B63BB417CBE6BFA805C /* Pods-ExtensionsTests.release.xcconfig */;
			buildSettings = {
				BUNDLE_LOADER = "$(TEST_HOST)";
				INFOPLIST_FILE = ExtensionsTests/Info.plist;
				LD_RUNPATH_SEARCH_PATHS = "$(inherited) @executable_path/Frameworks @loader_path/Frameworks";
				PRODUCT_BUNDLE_IDENTIFIER = FlatironSchool.com.ExtensionsTests;
				PRODUCT_NAME = "$(TARGET_NAME)";
				SWIFT_VERSION = 3.0;
				TARGETED_DEVICE_FAMILY = "1,2";
				TEST_HOST = "$(BUILT_PRODUCTS_DIR)/Extensions.app/Extensions";
			};
			name = Release;
		};
		1BA85B541D25C4FC008D42CE /* Debug */ = {
			isa = XCBuildConfiguration;
			baseConfigurationReference = FB33461407A1BD336306E0D9 /* Pods-ExtensionsUITests.debug.xcconfig */;
			buildSettings = {
				INFOPLIST_FILE = ExtensionsUITests/Info.plist;
				LD_RUNPATH_SEARCH_PATHS = "$(inherited) @executable_path/Frameworks @loader_path/Frameworks";
				PRODUCT_BUNDLE_IDENTIFIER = FlatironSchool.com.ExtensionsUITests;
				PRODUCT_NAME = "$(TARGET_NAME)";
				SWIFT_VERSION = 3.0;
				TEST_TARGET_NAME = Extensions;
			};
			name = Debug;
		};
		1BA85B551D25C4FC008D42CE /* Release */ = {
			isa = XCBuildConfiguration;
			baseConfigurationReference = 7A858B5C1743EC1799E39869 /* Pods-ExtensionsUITests.release.xcconfig */;
			buildSettings = {
				INFOPLIST_FILE = ExtensionsUITests/Info.plist;
				LD_RUNPATH_SEARCH_PATHS = "$(inherited) @executable_path/Frameworks @loader_path/Frameworks";
				PRODUCT_BUNDLE_IDENTIFIER = FlatironSchool.com.ExtensionsUITests;
				PRODUCT_NAME = "$(TARGET_NAME)";
				SWIFT_VERSION = 3.0;
				TEST_TARGET_NAME = Extensions;
			};
			name = Release;
		};
/* End XCBuildConfiguration section */

/* Begin XCConfigurationList section */
		1BA85B201D25C4FC008D42CE /* Build configuration list for PBXProject "Extensions" */ = {
			isa = XCConfigurationList;
			buildConfigurations = (
				1BA85B4B1D25C4FC008D42CE /* Debug */,
				1BA85B4C1D25C4FC008D42CE /* Release */,
			);
			defaultConfigurationIsVisible = 0;
			defaultConfigurationName = Release;
		};
		1BA85B4D1D25C4FC008D42CE /* Build configuration list for PBXNativeTarget "Extensions" */ = {
			isa = XCConfigurationList;
			buildConfigurations = (
				1BA85B4E1D25C4FC008D42CE /* Debug */,
				1BA85B4F1D25C4FC008D42CE /* Release */,
			);
			defaultConfigurationIsVisible = 0;
			defaultConfigurationName = Release;
		};
		1BA85B501D25C4FC008D42CE /* Build configuration list for PBXNativeTarget "ExtensionsTests" */ = {
			isa = XCConfigurationList;
			buildConfigurations = (
				1BA85B511D25C4FC008D42CE /* Debug */,
				1BA85B521D25C4FC008D42CE /* Release */,
			);
			defaultConfigurationIsVisible = 0;
			defaultConfigurationName = Release;
		};
		1BA85B531D25C4FC008D42CE /* Build configuration list for PBXNativeTarget "ExtensionsUITests" */ = {
			isa = XCConfigurationList;
			buildConfigurations = (
				1BA85B541D25C4FC008D42CE /* Debug */,
				1BA85B551D25C4FC008D42CE /* Release */,
			);
			defaultConfigurationIsVisible = 0;
			defaultConfigurationName = Release;
		};
/* End XCConfigurationList section */
	};
	rootObject = 1BA85B1D1D25C4FC008D42CE /* Project object */;
}
